// !$*UTF8*$!
{
	archiveVersion = 1;
	classes = {
	};
	objectVersion = 55;
	objects = {

/* Begin PBXBuildFile section */
		C2173D29270CBE5700E5F4D1 /* ShowData.swift in Sources */ = {isa = PBXBuildFile; fileRef = C2173D28270CBE5700E5F4D1 /* ShowData.swift */; };
		C2173D2D270CC06400E5F4D1 /* Guide.swift in Sources */ = {isa = PBXBuildFile; fileRef = C2173D2C270CC06400E5F4D1 /* Guide.swift */; };
		C2173D2F270CC07300E5F4D1 /* GuideRow.swift in Sources */ = {isa = PBXBuildFile; fileRef = C2173D2E270CC07300E5F4D1 /* GuideRow.swift */; };
		C2173D32270CC2A800E5F4D1 /* Poster.swift in Sources */ = {isa = PBXBuildFile; fileRef = C2173D31270CC2A800E5F4D1 /* Poster.swift */; };
		C2173D34270CC4E900E5F4D1 /* PosterTitle.swift in Sources */ = {isa = PBXBuildFile; fileRef = C2173D33270CC4E900E5F4D1 /* PosterTitle.swift */; };
		C2173D37270CDA1B00E5F4D1 /* Cover.swift in Sources */ = {isa = PBXBuildFile; fileRef = C2173D36270CDA1B00E5F4D1 /* Cover.swift */; };
		C2CAA293270CB53800AA6EC2 /* TVUIApp.swift in Sources */ = {isa = PBXBuildFile; fileRef = C2CAA292270CB53800AA6EC2 /* TVUIApp.swift */; };
		C2CAA295270CB53800AA6EC2 /* ContentView.swift in Sources */ = {isa = PBXBuildFile; fileRef = C2CAA294270CB53800AA6EC2 /* ContentView.swift */; };
		C2CAA297270CB53900AA6EC2 /* Assets.xcassets in Resources */ = {isa = PBXBuildFile; fileRef = C2CAA296270CB53900AA6EC2 /* Assets.xcassets */; };
		C2CAA29A270CB53A00AA6EC2 /* Preview Assets.xcassets in Resources */ = {isa = PBXBuildFile; fileRef = C2CAA299270CB53A00AA6EC2 /* Preview Assets.xcassets */; };
/* End PBXBuildFile section */

/* Begin PBXFileReference section */
		C2173D28270CBE5700E5F4D1 /* ShowData.swift */ = {isa = PBXFileReference; lastKnownFileType = sourcecode.swift; path = ShowData.swift; sourceTree = "<group>"; };
		C2173D2C270CC06400E5F4D1 /* Guide.swift */ = {isa = PBXFileReference; lastKnownFileType = sourcecode.swift; path = Guide.swift; sourceTree = "<group>"; };
		C2173D2E270CC07300E5F4D1 /* GuideRow.swift */ = {isa = PBXFileReference; lastKnownFileType = sourcecode.swift; path = GuideRow.swift; sourceTree = "<group>"; };
		C2173D31270CC2A800E5F4D1 /* Poster.swift */ = {isa = PBXFileReference; lastKnownFileType = sourcecode.swift; path = Poster.swift; sourceTree = "<group>"; };
		C2173D33270CC4E900E5F4D1 /* PosterTitle.swift */ = {isa = PBXFileReference; lastKnownFileType = sourcecode.swift; path = PosterTitle.swift; sourceTree = "<group>"; };
		C2173D36270CDA1B00E5F4D1 /* Cover.swift */ = {isa = PBXFileReference; lastKnownFileType = sourcecode.swift; path = Cover.swift; sourceTree = "<group>"; };
		C2CAA28F270CB53800AA6EC2 /* TVUI.app */ = {isa = PBXFileReference; explicitFileType = wrapper.application; includeInIndex = 0; path = TVUI.app; sourceTree = BUILT_PRODUCTS_DIR; };
		C2CAA292270CB53800AA6EC2 /* TVUIApp.swift */ = {isa = PBXFileReference; lastKnownFileType = sourcecode.swift; path = TVUIApp.swift; sourceTree = "<group>"; };
		C2CAA294270CB53800AA6EC2 /* ContentView.swift */ = {isa = PBXFileReference; lastKnownFileType = sourcecode.swift; path = ContentView.swift; sourceTree = "<group>"; };
		C2CAA296270CB53900AA6EC2 /* Assets.xcassets */ = {isa = PBXFileReference; lastKnownFileType = folder.assetcatalog; path = Assets.xcassets; sourceTree = "<group>"; };
		C2CAA299270CB53A00AA6EC2 /* Preview Assets.xcassets */ = {isa = PBXFileReference; lastKnownFileType = folder.assetcatalog; path = "Preview Assets.xcassets"; sourceTree = "<group>"; };
/* End PBXFileReference section */

/* Begin PBXFrameworksBuildPhase section */
		C2CAA28C270CB53800AA6EC2 /* Frameworks */ = {
			isa = PBXFrameworksBuildPhase;
			buildActionMask = 2147483647;
			files = (
			);
			runOnlyForDeploymentPostprocessing = 0;
		};
/* End PBXFrameworksBuildPhase section */

/* Begin PBXGroup section */
		C2173D26270CB62700E5F4D1 /* Views */ = {
			isa = PBXGroup;
			children = (
				C2173D2C270CC06400E5F4D1 /* Guide.swift */,
				C2173D2E270CC07300E5F4D1 /* GuideRow.swift */,
				C2173D30270CC28300E5F4D1 /* Poster */,
				C2173D35270CDA0500E5F4D1 /* Cover */,
			);
			path = Views;
			sourceTree = "<group>";
		};
		C2173D27270CB62E00E5F4D1 /* Models */ = {
			isa = PBXGroup;
			children = (
				C2173D28270CBE5700E5F4D1 /* ShowData.swift */,
			);
			path = Models;
			sourceTree = "<group>";
		};
		C2173D30270CC28300E5F4D1 /* Poster */ = {
			isa = PBXGroup;
			children = (
				C2173D31270CC2A800E5F4D1 /* Poster.swift */,
				C2173D33270CC4E900E5F4D1 /* PosterTitle.swift */,
			);
			path = Poster;
			sourceTree = "<group>";
		};
		C2173D35270CDA0500E5F4D1 /* Cover */ = {
			isa = PBXGroup;
			children = (
				C2173D36270CDA1B00E5F4D1 /* Cover.swift */,
			);
			path = Cover;
			sourceTree = "<group>";
		};
		C2CAA286270CB53800AA6EC2 = {
			isa = PBXGroup;
			children = (
				C2CAA291270CB53800AA6EC2 /* TVUI */,
				C2CAA290270CB53800AA6EC2 /* Products */,
			);
			sourceTree = "<group>";
		};
		C2CAA290270CB53800AA6EC2 /* Products */ = {
			isa = PBXGroup;
			children = (
				C2CAA28F270CB53800AA6EC2 /* TVUI.app */,
			);
			name = Products;
			sourceTree = "<group>";
		};
		C2CAA291270CB53800AA6EC2 /* TVUI */ = {
			isa = PBXGroup;
			children = (
				C2CAA292270CB53800AA6EC2 /* TVUIApp.swift */,
				C2CAA294270CB53800AA6EC2 /* ContentView.swift */,
				C2173D26270CB62700E5F4D1 /* Views */,
				C2173D27270CB62E00E5F4D1 /* Models */,
				C2CAA296270CB53900AA6EC2 /* Assets.xcassets */,
				C2CAA298270CB53A00AA6EC2 /* Preview Content */,
			);
			path = TVUI;
			sourceTree = "<group>";
		};
		C2CAA298270CB53A00AA6EC2 /* Preview Content */ = {
			isa = PBXGroup;
			children = (
				C2CAA299270CB53A00AA6EC2 /* Preview Assets.xcassets */,
			);
			path = "Preview Content";
			sourceTree = "<group>";
		};
/* End PBXGroup section */

/* Begin PBXNativeTarget section */
		C2CAA28E270CB53800AA6EC2 /* TVUI */ = {
			isa = PBXNativeTarget;
			buildConfigurationList = C2CAA29D270CB53A00AA6EC2 /* Build configuration list for PBXNativeTarget "TVUI" */;
			buildPhases = (
				C2CAA28B270CB53800AA6EC2 /* Sources */,
				C2CAA28C270CB53800AA6EC2 /* Frameworks */,
				C2CAA28D270CB53800AA6EC2 /* Resources */,
			);
			buildRules = (
			);
			dependencies = (
			);
			name = TVUI;
			productName = TVUI;
			productReference = C2CAA28F270CB53800AA6EC2 /* TVUI.app */;
			productType = "com.apple.product-type.application";
		};
/* End PBXNativeTarget section */

/* Begin PBXProject section */
		C2CAA287270CB53800AA6EC2 /* Project object */ = {
			isa = PBXProject;
			attributes = {
				BuildIndependentTargetsInParallel = 1;
				LastSwiftUpdateCheck = 1300;
				LastUpgradeCheck = 1300;
				TargetAttributes = {
					C2CAA28E270CB53800AA6EC2 = {
						CreatedOnToolsVersion = 13.0;
					};
				};
			};
			buildConfigurationList = C2CAA28A270CB53800AA6EC2 /* Build configuration list for PBXProject "TVUI" */;
			compatibilityVersion = "Xcode 13.0";
			developmentRegion = en;
			hasScannedForEncodings = 0;
			knownRegions = (
				en,
				Base,
			);
			mainGroup = C2CAA286270CB53800AA6EC2;
			productRefGroup = C2CAA290270CB53800AA6EC2 /* Products */;
			projectDirPath = "";
			projectRoot = "";
			targets = (
				C2CAA28E270CB53800AA6EC2 /* TVUI */,
			);
		};
/* End PBXProject section */

/* Begin PBXResourcesBuildPhase section */
		C2CAA28D270CB53800AA6EC2 /* Resources */ = {
			isa = PBXResourcesBuildPhase;
			buildActionMask = 2147483647;
			files = (
				C2CAA29A270CB53A00AA6EC2 /* Preview Assets.xcassets in Resources */,
				C2CAA297270CB53900AA6EC2 /* Assets.xcassets in Resources */,
			);
			runOnlyForDeploymentPostprocessing = 0;
		};
/* End PBXResourcesBuildPhase section */

/* Begin PBXSourcesBuildPhase section */
		C2CAA28B270CB53800AA6EC2 /* Sources */ = {
			isa = PBXSourcesBuildPhase;
			buildActionMask = 2147483647;
			files = (
				C2173D2D270CC06400E5F4D1 /* Guide.swift in Sources */,
				C2CAA295270CB53800AA6EC2 /* ContentView.swift in Sources */,
				C2173D32270CC2A800E5F4D1 /* Poster.swift in Sources */,
				C2173D2F270CC07300E5F4D1 /* GuideRow.swift in Sources */,
				C2173D29270CBE5700E5F4D1 /* ShowData.swift in Sources */,
				C2173D37270CDA1B00E5F4D1 /* Cover.swift in Sources */,
				C2CAA293270CB53800AA6EC2 /* TVUIApp.swift in Sources */,
				C2173D34270CC4E900E5F4D1 /* PosterTitle.swift in Sources */,
			);
			runOnlyForDeploymentPostprocessing = 0;
		};
/* End PBXSourcesBuildPhase section */

/* Begin XCBuildConfiguration section */
		C2CAA29B270CB53A00AA6EC2 /* Debug */ = {
			isa = XCBuildConfiguration;
			buildSettings = {
				ALWAYS_SEARCH_USER_PATHS = NO;
				CLANG_ANALYZER_NONNULL = YES;
				CLANG_ANALYZER_NUMBER_OBJECT_CONVERSION = YES_AGGRESSIVE;
				CLANG_CXX_LANGUAGE_STANDARD = "gnu++17";
				CLANG_CXX_LIBRARY = "libc++";
				CLANG_ENABLE_MODULES = YES;
				CLANG_ENABLE_OBJC_ARC = YES;
				CLANG_ENABLE_OBJC_WEAK = YES;
				CLANG_WARN_BLOCK_CAPTURE_AUTORELEASING = YES;
				CLANG_WARN_BOOL_CONVERSION = YES;
				CLANG_WARN_COMMA = YES;
				CLANG_WARN_CONSTANT_CONVERSION = YES;
				CLANG_WARN_DEPRECATED_OBJC_IMPLEMENTATIONS = YES;
				CLANG_WARN_DIRECT_OBJC_ISA_USAGE = YES_ERROR;
				CLANG_WARN_DOCUMENTATION_COMMENTS = YES;
				CLANG_WARN_EMPTY_BODY = YES;
				CLANG_WARN_ENUM_CONVERSION = YES;
				CLANG_WARN_INFINITE_RECURSION = YES;
				CLANG_WARN_INT_CONVERSION = YES;
				CLANG_WARN_NON_LITERAL_NULL_CONVERSION = YES;
				CLANG_WARN_OBJC_IMPLICIT_RETAIN_SELF = YES;
				CLANG_WARN_OBJC_LITERAL_CONVERSION = YES;
				CLANG_WARN_OBJC_ROOT_CLASS = YES_ERROR;
				CLANG_WARN_QUOTED_INCLUDE_IN_FRAMEWORK_HEADER = YES;
				CLANG_WARN_RANGE_LOOP_ANALYSIS = YES;
				CLANG_WARN_STRICT_PROTOTYPES = YES;
				CLANG_WARN_SUSPICIOUS_MOVE = YES;
				CLANG_WARN_UNGUARDED_AVAILABILITY = YES_AGGRESSIVE;
				CLANG_WARN_UNREACHABLE_CODE = YES;
				CLANG_WARN__DUPLICATE_METHOD_MATCH = YES;
				COPY_PHASE_STRIP = NO;
				DEBUG_INFORMATION_FORMAT = dwarf;
				ENABLE_STRICT_OBJC_MSGSEND = YES;
				ENABLE_TESTABILITY = YES;
				GCC_C_LANGUAGE_STANDARD = gnu11;
				GCC_DYNAMIC_NO_PIC = NO;
				GCC_NO_COMMON_BLOCKS = YES;
				GCC_OPTIMIZATION_LEVEL = 0;
				GCC_PREPROCESSOR_DEFINITIONS = (
					"DEBUG=1",
					"$(inherited)",
				);
				GCC_WARN_64_TO_32_BIT_CONVERSION = YES;
				GCC_WARN_ABOUT_RETURN_TYPE = YES_ERROR;
				GCC_WARN_UNDECLARED_SELECTOR = YES;
				GCC_WARN_UNINITIALIZED_AUTOS = YES_AGGRESSIVE;
				GCC_WARN_UNUSED_FUNCTION = YES;
				GCC_WARN_UNUSED_VARIABLE = YES;
				IPHONEOS_DEPLOYMENT_TARGET = 15.0;
				MTL_ENABLE_DEBUG_INFO = INCLUDE_SOURCE;
				MTL_FAST_MATH = YES;
				ONLY_ACTIVE_ARCH = YES;
				SDKROOT = iphoneos;
				SWIFT_ACTIVE_COMPILATION_CONDITIONS = DEBUG;
				SWIFT_OPTIMIZATION_LEVEL = "-Onone";
			};
			name = Debug;
		};
		C2CAA29C270CB53A00AA6EC2 /* Release */ = {
			isa = XCBuildConfiguration;
			buildSettings = {
				ALWAYS_SEARCH_USER_PATHS = NO;
				CLANG_ANALYZER_NONNULL = YES;
				CLANG_ANALYZER_NUMBER_OBJECT_CONVERSION = YES_AGGRESSIVE;
				CLANG_CXX_LANGUAGE_STANDARD = "gnu++17";
				CLANG_CXX_LIBRARY = "libc++";
				CLANG_ENABLE_MODULES = YES;
				CLANG_ENABLE_OBJC_ARC = YES;
				CLANG_ENABLE_OBJC_WEAK = YES;
				CLANG_WARN_BLOCK_CAPTURE_AUTORELEASING = YES;
				CLANG_WARN_BOOL_CONVERSION = YES;
				CLANG_WARN_COMMA = YES;
				CLANG_WARN_CONSTANT_CONVERSION = YES;
				CLANG_WARN_DEPRECATED_OBJC_IMPLEMENTATIONS = YES;
				CLANG_WARN_DIRECT_OBJC_ISA_USAGE = YES_ERROR;
				CLANG_WARN_DOCUMENTATION_COMMENTS = YES;
				CLANG_WARN_EMPTY_BODY = YES;
				CLANG_WARN_ENUM_CONVERSION = YES;
				CLANG_WARN_INFINITE_RECURSION = YES;
				CLANG_WARN_INT_CONVERSION = YES;
				CLANG_WARN_NON_LITERAL_NULL_CONVERSION = YES;
				CLANG_WARN_OBJC_IMPLICIT_RETAIN_SELF = YES;
				CLANG_WARN_OBJC_LITERAL_CONVERSION = YES;
				CLANG_WARN_OBJC_ROOT_CLASS = YES_ERROR;
				CLANG_WARN_QUOTED_INCLUDE_IN_FRAMEWORK_HEADER = YES;
				CLANG_WARN_RANGE_LOOP_ANALYSIS = YES;
				CLANG_WARN_STRICT_PROTOTYPES = YES;
				CLANG_WARN_SUSPICIOUS_MOVE = YES;
				CLANG_WARN_UNGUARDED_AVAILABILITY = YES_AGGRESSIVE;
				CLANG_WARN_UNREACHABLE_CODE = YES;
				CLANG_WARN__DUPLICATE_METHOD_MATCH = YES;
				COPY_PHASE_STRIP = NO;
				DEBUG_INFORMATION_FORMAT = "dwarf-with-dsym";
				ENABLE_NS_ASSERTIONS = NO;
				ENABLE_STRICT_OBJC_MSGSEND = YES;
				GCC_C_LANGUAGE_STANDARD = gnu11;
				GCC_NO_COMMON_BLOCKS = YES;
				GCC_WARN_64_TO_32_BIT_CONVERSION = YES;
				GCC_WARN_ABOUT_RETURN_TYPE = YES_ERROR;
				GCC_WARN_UNDECLARED_SELECTOR = YES;
				GCC_WARN_UNINITIALIZED_AUTOS = YES_AGGRESSIVE;
				GCC_WARN_UNUSED_FUNCTION = YES;
				GCC_WARN_UNUSED_VARIABLE = YES;
				IPHONEOS_DEPLOYMENT_TARGET = 15.0;
				MTL_ENABLE_DEBUG_INFO = NO;
				MTL_FAST_MATH = YES;
				SDKROOT = iphoneos;
				SWIFT_COMPILATION_MODE = wholemodule;
				SWIFT_OPTIMIZATION_LEVEL = "-O";
				VALIDATE_PRODUCT = YES;
			};
			name = Release;
		};
		C2CAA29E270CB53A00AA6EC2 /* Debug */ = {
			isa = XCBuildConfiguration;
			buildSettings = {
				ASSETCATALOG_COMPILER_APPICON_NAME = AppIcon;
				ASSETCATALOG_COMPILER_GLOBAL_ACCENT_COLOR_NAME = AccentColor;
				CODE_SIGN_STYLE = Automatic;
				CURRENT_PROJECT_VERSION = 1;
				DEVELOPMENT_ASSET_PATHS = "\"TVUI/Preview Content\"";
				DEVELOPMENT_TEAM = 85N3S3DG8M;
				ENABLE_PREVIEWS = YES;
				GENERATE_INFOPLIST_FILE = YES;
				INFOPLIST_KEY_UIApplicationSceneManifest_Generation = YES;
				INFOPLIST_KEY_UIApplicationSupportsIndirectInputEvents = YES;
				INFOPLIST_KEY_UILaunchScreen_Generation = YES;
				INFOPLIST_KEY_UISupportedInterfaceOrientations_iPad = "UIInterfaceOrientationPortrait UIInterfaceOrientationPortraitUpsideDown UIInterfaceOrientationLandscapeLeft UIInterfaceOrientationLandscapeRight";
				INFOPLIST_KEY_UISupportedInterfaceOrientations_iPhone = "UIInterfaceOrientationPortrait UIInterfaceOrientationLandscapeLeft UIInterfaceOrientationLandscapeRight";
				IPHONEOS_DEPLOYMENT_TARGET = 14.0;
				LD_RUNPATH_SEARCH_PATHS = (
					"$(inherited)",
					"@executable_path/Frameworks",
				);
				MARKETING_VERSION = 1.0;
				PRODUCT_BUNDLE_IDENTIFIER = io.airtv.TVUI;
				PRODUCT_NAME = "$(TARGET_NAME)";
				SWIFT_EMIT_LOC_STRINGS = YES;
				SWIFT_VERSION = 5.0;
				TARGETED_DEVICE_FAMILY = "1,2";
			};
			name = Debug;
		};
		C2CAA29F270CB53A00AA6EC2 /* Release */ = {
			isa = XCBuildConfiguration;
			buildSettings = {
				ASSETCATALOG_COMPILER_APPICON_NAME = AppIcon;
				ASSETCATALOG_COMPILER_GLOBAL_ACCENT_COLOR_NAME = AccentColor;
				CODE_SIGN_STYLE = Automatic;
				CURRENT_PROJECT_VERSION = 1;
				DEVELOPMENT_ASSET_PATHS = "\"TVUI/Preview Content\"";
				DEVELOPMENT_TEAM = 85N3S3DG8M;
				ENABLE_PREVIEWS = YES;
				GENERATE_INFOPLIST_FILE = YES;
				INFOPLIST_KEY_UIApplicationSceneManifest_Generation = YES;
				INFOPLIST_KEY_UIApplicationSupportsIndirectInputEvents = YES;
				INFOPLIST_KEY_UILaunchScreen_Generation = YES;
				INFOPLIST_KEY_UISupportedInterfaceOrientations_iPad = "UIInterfaceOrientationPortrait UIInterfaceOrientationPortraitUpsideDown UIInterfaceOrientationLandscapeLeft UIInterfaceOrientationLandscapeRight";
				INFOPLIST_KEY_UISupportedInterfaceOrientations_iPhone = "UIInterfaceOrientationPortrait UIInterfaceOrientationLandscapeLeft UIInterfaceOrientationLandscapeRight";
				IPHONEOS_DEPLOYMENT_TARGET = 14.0;
				LD_RUNPATH_SEARCH_PATHS = (
					"$(inherited)",
					"@executable_path/Frameworks",
				);
				MARKETING_VERSION = 1.0;
				PRODUCT_BUNDLE_IDENTIFIER = io.airtv.TVUI;
				PRODUCT_NAME = "$(TARGET_NAME)";
				SWIFT_EMIT_LOC_STRINGS = YES;
				SWIFT_VERSION = 5.0;
				TARGETED_DEVICE_FAMILY = "1,2";
			};
			name = Release;
		};
/* End XCBuildConfiguration section */

/* Begin XCConfigurationList section */
		C2CAA28A270CB53800AA6EC2 /* Build configuration list for PBXProject "TVUI" */ = {
			isa = XCConfigurationList;
			buildConfigurations = (
				C2CAA29B270CB53A00AA6EC2 /* Debug */,
				C2CAA29C270CB53A00AA6EC2 /* Release */,
			);
			defaultConfigurationIsVisible = 0;
			defaultConfigurationName = Release;
		};
		C2CAA29D270CB53A00AA6EC2 /* Build configuration list for PBXNativeTarget "TVUI" */ = {
			isa = XCConfigurationList;
			buildConfigurations = (
				C2CAA29E270CB53A00AA6EC2 /* Debug */,
				C2CAA29F270CB53A00AA6EC2 /* Release */,
			);
			defaultConfigurationIsVisible = 0;
			defaultConfigurationName = Release;
		};
/* End XCConfigurationList section */
	};
	rootObject = C2CAA287270CB53800AA6EC2 /* Project object */;
}
